
Microsoft Visual Studio Solution File, Format Version 10.00
# Visual Studio 2008
Project("{2150E333-8FDC-42A3-9474-1A3956D46DE8}") = "Plugins", "Plugins", "{F81319EB-1E3D-4289-A388-B6B736A37511}"
EndProject
Project("{2150E333-8FDC-42A3-9474-1A3956D46DE8}") = "Language", "Language", "{10525AE6-8E88-4084-9D31-22B84E5369E8}"
EndProject
Project("{8BC9CEB8-8B4A-11D0-8D11-00A0C91BC942}") = "NowPlaying", "NowPlayingPlugin\NowPlaying.vcproj", "{FF28D937-835B-4B29-9166-231903091B26}"
	ProjectSection(ProjectDependencies) = postProject
		{430C6E09-F98E-4095-BEC1-754234AA2DFA} = {430C6E09-F98E-4095-BEC1-754234AA2DFA}
		{45815A29-9B50-42F6-891D-1D6049642466} = {45815A29-9B50-42F6-891D-1D6049642466}
		{32624282-FAE6-4D81-8597-5236ADEEB480} = {32624282-FAE6-4D81-8597-5236ADEEB480}
	EndProjectSection
EndProject
Project("{8BC9CEB8-8B4A-11D0-8D11-00A0C91BC942}") = "npApolloPlugin", "NowPlayingPlugin\plugins\npApolloPlugin\npApolloPlugin.vcproj", "{342F048F-E69D-4EC9-97CC-48E6CCA235DD}"
EndProject
Project("{8BC9CEB8-8B4A-11D0-8D11-00A0C91BC942}") = "npAIMP2Plugin", "NowPlayingPlugin\plugins\npAIMP2Plugin\npAIMP2Plugin.vcproj", "{7B45596B-601C-4BB4-8CC1-2B89EF7FC706}"
EndProject
Project("{8BC9CEB8-8B4A-11D0-8D11-00A0C91BC942}") = "npFoobar2kPlugin", "NowPlayingPlugin\plugins\npFoobar2kPlugin\npFoobar2kPlugin.vcproj", "{72F41018-7892-481F-9B61-9894CECD403F}"
EndProject
Project("{8BC9CEB8-8B4A-11D0-8D11-00A0C91BC942}") = "npXMPlayPlugin", "NowPlayingPlugin\plugins\npXMPlayPlugin\npXMPlayPlugin.vcproj", "{D2B26FE5-C619-42A2-866D-B6F7DEFC0AF9}"
EndProject
Project("{8BC9CEB8-8B4A-11D0-8D11-00A0C91BC942}") = "npWinampPlugin", "NowPlayingPlugin\plugins\npWinampPlugin\npWinampPlugin.vcproj", "{3145F4BD-1EBD-432A-A13E-8D6107F837B0}"
EndProject
Project("{8BC9CEB8-8B4A-11D0-8D11-00A0C91BC942}") = "npLastFMPlugin", "NowPlayingPlugin\plugins\npLastFMPlugin\npLastFMPlugin.vcproj", "{BF6E5CC3-9053-450F-BF84-E615ED02AD65}"
EndProject
Project("{8BC9CEB8-8B4A-11D0-8D11-00A0C91BC942}") = "npJetAudioPlugin", "NowPlayingPlugin\plugins\npJetAudioPlugin\npJetAudioPlugin.vcproj", "{156ACD46-DA30-4D97-AFA9-02DBFF2ED227}"
EndProject
Project("{8BC9CEB8-8B4A-11D0-8D11-00A0C91BC942}") = "npQMPPlugin", "NowPlayingPlugin\plugins\npQMPPlugin\npQMPPlugin.vcproj", "{0CD2EA6C-0F9B-4C22-BC8F-81CDA26C4DBC}"
EndProject
Project("{8BC9CEB8-8B4A-11D0-8D11-00A0C91BC942}") = "npGOMPlayerPlugin", "NowPlayingPlugin\plugins\npGOMPlayerPlugin\npGOMPlayerPlugin.vcproj", "{B59002DD-1058-446D-906C-4403A7EC2DD1}"
EndProject
Project("{8BC9CEB8-8B4A-11D0-8D11-00A0C91BC942}") = "pugixml", "NowPlayingPlugin\pugixml\pugixml.vcproj", "{430C6E09-F98E-4095-BEC1-754234AA2DFA}"
EndProject
Project("{8BC9CEB8-8B4A-11D0-8D11-00A0C91BC942}") = "Russian", "NowPlayingPlugin\languages\Russian\Russian.vcproj", "{8ABF4E53-B448-4936-958A-9971A27CDCFC}"
EndProject
Project("{8BC9CEB8-8B4A-11D0-8D11-00A0C91BC942}") = "English", "NowPlayingPlugin\languages\English\English.vcproj", "{8FBF4E93-B448-4936-918A-9971A27CDCFC}"
EndProject
Project("{8BC9CEB8-8B4A-11D0-8D11-00A0C91BC942}") = "pcre", "NowPlayingPlugin\pcre\pcre.vcproj", "{32624282-FAE6-4D81-8597-5236ADEEB480}"
EndProject
Project("{8BC9CEB8-8B4A-11D0-8D11-00A0C91BC942}") = "pcrecpp", "NowPlayingPlugin\pcrecpp\pcrecpp.vcproj", "{45815A29-9B50-42F6-891D-1D6049642466}"
EndProject
Project("{8BC9CEB8-8B4A-11D0-8D11-00A0C91BC942}") = "npiTunesPlugin", "NowPlayingPlugin\plugins\npiTunesPlugin\npiTunesPlugin.vcproj", "{794B9C64-3A4F-4D8F-A99D-4EF1E309F0CD}"
EndProject
Project("{8BC9CEB8-8B4A-11D0-8D11-00A0C91BC942}") = "npWMPPlugin", "NowPlayingPlugin\plugins\npWMPPlugin\npWMPPlugin.vcproj", "{BF64AF60-9A12-48C1-9CD4-AA6B16E1F8AF}"
EndProject
Global
	GlobalSection(SolutionConfigurationPlatforms) = preSolution
		Debug|Win32 = Debug|Win32
		Debug|x64 = Debug|x64
		DebugOpti|Win32 = DebugOpti|Win32
		DebugOpti|x64 = DebugOpti|x64
		Release|Win32 = Release|Win32
		Release|x64 = Release|x64
	EndGlobalSection
	GlobalSection(ProjectConfigurationPlatforms) = postSolution
		{FF28D937-835B-4B29-9166-231903091B26}.Debug|Win32.ActiveCfg = Debug|Win32
		{FF28D937-835B-4B29-9166-231903091B26}.Debug|Win32.Build.0 = Debug|Win32
		{FF28D937-835B-4B29-9166-231903091B26}.Debug|x64.ActiveCfg = Debug|Win32
		{FF28D937-835B-4B29-9166-231903091B26}.DebugOpti|Win32.ActiveCfg = Debug|Win32
		{FF28D937-835B-4B29-9166-231903091B26}.DebugOpti|Win32.Build.0 = Debug|Win32
		{FF28D937-835B-4B29-9166-231903091B26}.DebugOpti|x64.ActiveCfg = Debug|Win32
		{FF28D937-835B-4B29-9166-231903091B26}.Release|Win32.ActiveCfg = Release|Win32
		{FF28D937-835B-4B29-9166-231903091B26}.Release|Win32.Build.0 = Release|Win32
		{FF28D937-835B-4B29-9166-231903091B26}.Release|x64.ActiveCfg = Release|Win32
		{342F048F-E69D-4EC9-97CC-48E6CCA235DD}.Debug|Win32.ActiveCfg = Debug|Win32
		{342F048F-E69D-4EC9-97CC-48E6CCA235DD}.Debug|Win32.Build.0 = Debug|Win32
		{342F048F-E69D-4EC9-97CC-48E6CCA235DD}.Debug|x64.ActiveCfg = Debug|Win32
		{342F048F-E69D-4EC9-97CC-48E6CCA235DD}.DebugOpti|Win32.ActiveCfg = Debug|Win32
		{342F048F-E69D-4EC9-97CC-48E6CCA235DD}.DebugOpti|Win32.Build.0 = Debug|Win32
		{342F048F-E69D-4EC9-97CC-48E6CCA235DD}.DebugOpti|x64.ActiveCfg = Debug|Win32
		{342F048F-E69D-4EC9-97CC-48E6CCA235DD}.Release|Win32.ActiveCfg = Release|Win32
		{342F048F-E69D-4EC9-97CC-48E6CCA235DD}.Release|Win32.Build.0 = Release|Win32
		{342F048F-E69D-4EC9-97CC-48E6CCA235DD}.Release|x64.ActiveCfg = Release|Win32
		{7B45596B-601C-4BB4-8CC1-2B89EF7FC706}.Debug|Win32.ActiveCfg = Debug|Win32
		{7B45596B-601C-4BB4-8CC1-2B89EF7FC706}.Debug|Win32.Build.0 = Debug|Win32
		{7B45596B-601C-4BB4-8CC1-2B89EF7FC706}.Debug|x64.ActiveCfg = Debug|Win32
		{7B45596B-601C-4BB4-8CC1-2B89EF7FC706}.DebugOpti|Win32.ActiveCfg = Debug|Win32
		{7B45596B-601C-4BB4-8CC1-2B89EF7FC706}.DebugOpti|Win32.Build.0 = Debug|Win32
		{7B45596B-601C-4BB4-8CC1-2B89EF7FC706}.DebugOpti|x64.ActiveCfg = Debug|Win32
		{7B45596B-601C-4BB4-8CC1-2B89EF7FC706}.Release|Win32.ActiveCfg = Release|Win32
		{7B45596B-601C-4BB4-8CC1-2B89EF7FC706}.Release|Win32.Build.0 = Release|Win32
		{7B45596B-601C-4BB4-8CC1-2B89EF7FC706}.Release|x64.ActiveCfg = Release|Win32
		{72F41018-7892-481F-9B61-9894CECD403F}.Debug|Win32.ActiveCfg = Debug|Win32
		{72F41018-7892-481F-9B61-9894CECD403F}.Debug|Win32.Build.0 = Debug|Win32
		{72F41018-7892-481F-9B61-9894CECD403F}.Debug|x64.ActiveCfg = Debug|Win32
		{72F41018-7892-481F-9B61-9894CECD403F}.DebugOpti|Win32.ActiveCfg = Debug|Win32
		{72F41018-7892-481F-9B61-9894CECD403F}.DebugOpti|Win32.Build.0 = Debug|Win32
		{72F41018-7892-481F-9B61-9894CECD403F}.DebugOpti|x64.ActiveCfg = Debug|Win32
		{72F41018-7892-481F-9B61-9894CECD403F}.Release|Win32.ActiveCfg = Release|Win32
		{72F41018-7892-481F-9B61-9894CECD403F}.Release|Win32.Build.0 = Release|Win32
		{72F41018-7892-481F-9B61-9894CECD403F}.Release|x64.ActiveCfg = Release|Win32
		{D2B26FE5-C619-42A2-866D-B6F7DEFC0AF9}.Debug|Win32.ActiveCfg = Debug|Win32
		{D2B26FE5-C619-42A2-866D-B6F7DEFC0AF9}.Debug|Win32.Build.0 = Debug|Win32
		{D2B26FE5-C619-42A2-866D-B6F7DEFC0AF9}.Debug|x64.ActiveCfg = Debug|Win32
		{D2B26FE5-C619-42A2-866D-B6F7DEFC0AF9}.DebugOpti|Win32.ActiveCfg = Debug|Win32
		{D2B26FE5-C619-42A2-866D-B6F7DEFC0AF9}.DebugOpti|Win32.Build.0 = Debug|Win32
		{D2B26FE5-C619-42A2-866D-B6F7DEFC0AF9}.DebugOpti|x64.ActiveCfg = Debug|Win32
		{D2B26FE5-C619-42A2-866D-B6F7DEFC0AF9}.Release|Win32.ActiveCfg = Release|Win32
		{D2B26FE5-C619-42A2-866D-B6F7DEFC0AF9}.Release|Win32.Build.0 = Release|Win32
		{D2B26FE5-C619-42A2-866D-B6F7DEFC0AF9}.Release|x64.ActiveCfg = Release|Win32
		{3145F4BD-1EBD-432A-A13E-8D6107F837B0}.Debug|Win32.ActiveCfg = Debug|Win32
		{3145F4BD-1EBD-432A-A13E-8D6107F837B0}.Debug|Win32.Build.0 = Debug|Win32
		{3145F4BD-1EBD-432A-A13E-8D6107F837B0}.Debug|x64.ActiveCfg = Debug|Win32
		{3145F4BD-1EBD-432A-A13E-8D6107F837B0}.DebugOpti|Win32.ActiveCfg = Debug|Win32
		{3145F4BD-1EBD-432A-A13E-8D6107F837B0}.DebugOpti|Win32.Build.0 = Debug|Win32
		{3145F4BD-1EBD-432A-A13E-8D6107F837B0}.DebugOpti|x64.ActiveCfg = Debug|Win32
		{3145F4BD-1EBD-432A-A13E-8D6107F837B0}.Release|Win32.ActiveCfg = Release|Win32
		{3145F4BD-1EBD-432A-A13E-8D6107F837B0}.Release|Win32.Build.0 = Release|Win32
		{3145F4BD-1EBD-432A-A13E-8D6107F837B0}.Release|x64.ActiveCfg = Release|Win32
		{BF6E5CC3-9053-450F-BF84-E615ED02AD65}.Debug|Win32.ActiveCfg = Debug|Win32
		{BF6E5CC3-9053-450F-BF84-E615ED02AD65}.Debug|Win32.Build.0 = Debug|Win32
		{BF6E5CC3-9053-450F-BF84-E615ED02AD65}.Debug|x64.ActiveCfg = Debug|Win32
		{BF6E5CC3-9053-450F-BF84-E615ED02AD65}.DebugOpti|Win32.ActiveCfg = Debug|Win32
		{BF6E5CC3-9053-450F-BF84-E615ED02AD65}.DebugOpti|Win32.Build.0 = Debug|Win32
		{BF6E5CC3-9053-450F-BF84-E615ED02AD65}.DebugOpti|x64.ActiveCfg = Debug|Win32
		{BF6E5CC3-9053-450F-BF84-E615ED02AD65}.Release|Win32.ActiveCfg = Release|Win32
		{BF6E5CC3-9053-450F-BF84-E615ED02AD65}.Release|Win32.Build.0 = Release|Win32
		{BF6E5CC3-9053-450F-BF84-E615ED02AD65}.Release|x64.ActiveCfg = Release|Win32
		{156ACD46-DA30-4D97-AFA9-02DBFF2ED227}.Debug|Win32.ActiveCfg = Debug|Win32
		{156ACD46-DA30-4D97-AFA9-02DBFF2ED227}.Debug|Win32.Build.0 = Debug|Win32
		{156ACD46-DA30-4D97-AFA9-02DBFF2ED227}.Debug|x64.ActiveCfg = Debug|Win32
		{156ACD46-DA30-4D97-AFA9-02DBFF2ED227}.DebugOpti|Win32.ActiveCfg = Debug|Win32
		{156ACD46-DA30-4D97-AFA9-02DBFF2ED227}.DebugOpti|Win32.Build.0 = Debug|Win32
		{156ACD46-DA30-4D97-AFA9-02DBFF2ED227}.DebugOpti|x64.ActiveCfg = Debug|Win32
		{156ACD46-DA30-4D97-AFA9-02DBFF2ED227}.Release|Win32.ActiveCfg = Release|Win32
		{156ACD46-DA30-4D97-AFA9-02DBFF2ED227}.Release|Win32.Build.0 = Release|Win32
		{156ACD46-DA30-4D97-AFA9-02DBFF2ED227}.Release|x64.ActiveCfg = Release|Win32
		{0CD2EA6C-0F9B-4C22-BC8F-81CDA26C4DBC}.Debug|Win32.ActiveCfg = Debug|Win32
		{0CD2EA6C-0F9B-4C22-BC8F-81CDA26C4DBC}.Debug|Win32.Build.0 = Debug|Win32
		{0CD2EA6C-0F9B-4C22-BC8F-81CDA26C4DBC}.Debug|x64.ActiveCfg = Debug|Win32
		{0CD2EA6C-0F9B-4C22-BC8F-81CDA26C4DBC}.DebugOpti|Win32.ActiveCfg = Debug|Win32
		{0CD2EA6C-0F9B-4C22-BC8F-81CDA26C4DBC}.DebugOpti|Win32.Build.0 = Debug|Win32
		{0CD2EA6C-0F9B-4C22-BC8F-81CDA26C4DBC}.DebugOpti|x64.ActiveCfg = Debug|Win32
		{0CD2EA6C-0F9B-4C22-BC8F-81CDA26C4DBC}.Release|Win32.ActiveCfg = Release|Win32
		{0CD2EA6C-0F9B-4C22-BC8F-81CDA26C4DBC}.Release|Win32.Build.0 = Release|Win32
		{0CD2EA6C-0F9B-4C22-BC8F-81CDA26C4DBC}.Release|x64.ActiveCfg = Release|Win32
		{B59002DD-1058-446D-906C-4403A7EC2DD1}.Debug|Win32.ActiveCfg = Debug|Win32
		{B59002DD-1058-446D-906C-4403A7EC2DD1}.Debug|Win32.Build.0 = Debug|Win32
		{B59002DD-1058-446D-906C-4403A7EC2DD1}.Debug|x64.ActiveCfg = Debug|Win32
		{B59002DD-1058-446D-906C-4403A7EC2DD1}.DebugOpti|Win32.ActiveCfg = Debug|Win32
		{B59002DD-1058-446D-906C-4403A7EC2DD1}.DebugOpti|Win32.Build.0 = Debug|Win32
		{B59002DD-1058-446D-906C-4403A7EC2DD1}.DebugOpti|x64.ActiveCfg = Debug|Win32
		{B59002DD-1058-446D-906C-4403A7EC2DD1}.Release|Win32.ActiveCfg = Release|Win32
		{B59002DD-1058-446D-906C-4403A7EC2DD1}.Release|Win32.Build.0 = Release|Win32
		{B59002DD-1058-446D-906C-4403A7EC2DD1}.Release|x64.ActiveCfg = Release|Win32
		{430C6E09-F98E-4095-BEC1-754234AA2DFA}.Debug|Win32.ActiveCfg = Debug|Win32
		{430C6E09-F98E-4095-BEC1-754234AA2DFA}.Debug|Win32.Build.0 = Debug|Win32
		{430C6E09-F98E-4095-BEC1-754234AA2DFA}.Debug|x64.ActiveCfg = Debug|Win32
		{430C6E09-F98E-4095-BEC1-754234AA2DFA}.DebugOpti|Win32.ActiveCfg = Debug|Win32
		{430C6E09-F98E-4095-BEC1-754234AA2DFA}.DebugOpti|Win32.Build.0 = Debug|Win32
		{430C6E09-F98E-4095-BEC1-754234AA2DFA}.DebugOpti|x64.ActiveCfg = Debug|Win32
		{430C6E09-F98E-4095-BEC1-754234AA2DFA}.Release|Win32.ActiveCfg = Release|Win32
		{430C6E09-F98E-4095-BEC1-754234AA2DFA}.Release|Win32.Build.0 = Release|Win32
		{430C6E09-F98E-4095-BEC1-754234AA2DFA}.Release|x64.ActiveCfg = Release|Win32
		{8ABF4E53-B448-4936-958A-9971A27CDCFC}.Debug|Win32.ActiveCfg = Debug|Win32
		{8ABF4E53-B448-4936-958A-9971A27CDCFC}.Debug|Win32.Build.0 = Debug|Win32
		{8ABF4E53-B448-4936-958A-9971A27CDCFC}.Debug|x64.ActiveCfg = Debug|Win32
		{8ABF4E53-B448-4936-958A-9971A27CDCFC}.DebugOpti|Win32.ActiveCfg = Debug|Win32
		{8ABF4E53-B448-4936-958A-9971A27CDCFC}.DebugOpti|Win32.Build.0 = Debug|Win32
		{8ABF4E53-B448-4936-958A-9971A27CDCFC}.DebugOpti|x64.ActiveCfg = Debug|Win32
		{8ABF4E53-B448-4936-958A-9971A27CDCFC}.Release|Win32.ActiveCfg = Release|Win32
		{8ABF4E53-B448-4936-958A-9971A27CDCFC}.Release|Win32.Build.0 = Release|Win32
		{8ABF4E53-B448-4936-958A-9971A27CDCFC}.Release|x64.ActiveCfg = Release|Win32
		{8FBF4E93-B448-4936-918A-9971A27CDCFC}.Debug|Win32.ActiveCfg = Debug|Win32
		{8FBF4E93-B448-4936-918A-9971A27CDCFC}.Debug|Win32.Build.0 = Debug|Win32
		{8FBF4E93-B448-4936-918A-9971A27CDCFC}.Debug|x64.ActiveCfg = Debug|Win32
		{8FBF4E93-B448-4936-918A-9971A27CDCFC}.DebugOpti|Win32.ActiveCfg = Debug|Win32
		{8FBF4E93-B448-4936-918A-9971A27CDCFC}.DebugOpti|Win32.Build.0 = Debug|Win32
		{8FBF4E93-B448-4936-918A-9971A27CDCFC}.DebugOpti|x64.ActiveCfg = Debug|Win32
		{8FBF4E93-B448-4936-918A-9971A27CDCFC}.Release|Win32.ActiveCfg = Release|Win32
		{8FBF4E93-B448-4936-918A-9971A27CDCFC}.Release|Win32.Build.0 = Release|Win32
		{8FBF4E93-B448-4936-918A-9971A27CDCFC}.Release|x64.ActiveCfg = Release|Win32
		{32624282-FAE6-4D81-8597-5236ADEEB480}.Debug|Win32.ActiveCfg = Debug|Win32
		{32624282-FAE6-4D81-8597-5236ADEEB480}.Debug|Win32.Build.0 = Debug|Win32
		{32624282-FAE6-4D81-8597-5236ADEEB480}.Debug|x64.ActiveCfg = Debug|Win32
		{32624282-FAE6-4D81-8597-5236ADEEB480}.DebugOpti|Win32.ActiveCfg = Debug|Win32
		{32624282-FAE6-4D81-8597-5236ADEEB480}.DebugOpti|Win32.Build.0 = Debug|Win32
		{32624282-FAE6-4D81-8597-5236ADEEB480}.DebugOpti|x64.ActiveCfg = Debug|Win32
		{32624282-FAE6-4D81-8597-5236ADEEB480}.Release|Win32.ActiveCfg = Release|Win32
		{32624282-FAE6-4D81-8597-5236ADEEB480}.Release|Win32.Build.0 = Release|Win32
		{32624282-FAE6-4D81-8597-5236ADEEB480}.Release|x64.ActiveCfg = Release|Win32
		{45815A29-9B50-42F6-891D-1D6049642466}.Debug|Win32.ActiveCfg = Debug|Win32
		{45815A29-9B50-42F6-891D-1D6049642466}.Debug|Win32.Build.0 = Debug|Win32
		{45815A29-9B50-42F6-891D-1D6049642466}.Debug|x64.ActiveCfg = Debug|Win32
		{45815A29-9B50-42F6-891D-1D6049642466}.DebugOpti|Win32.ActiveCfg = Debug|Win32
		{45815A29-9B50-42F6-891D-1D6049642466}.DebugOpti|Win32.Build.0 = Debug|Win32
		{45815A29-9B50-42F6-891D-1D6049642466}.DebugOpti|x64.ActiveCfg = Debug|Win32
		{45815A29-9B50-42F6-891D-1D6049642466}.Release|Win32.ActiveCfg = Release|Win32
		{45815A29-9B50-42F6-891D-1D6049642466}.Release|Win32.Build.0 = Release|Win32
		{45815A29-9B50-42F6-891D-1D6049642466}.Release|x64.ActiveCfg = Release|Win32
		{794B9C64-3A4F-4D8F-A99D-4EF1E309F0CD}.Debug|Win32.ActiveCfg = Debug|Win32
		{794B9C64-3A4F-4D8F-A99D-4EF1E309F0CD}.Debug|Win32.Build.0 = Debug|Win32
		{794B9C64-3A4F-4D8F-A99D-4EF1E309F0CD}.Debug|x64.ActiveCfg = Debug|Win32
		{794B9C64-3A4F-4D8F-A99D-4EF1E309F0CD}.DebugOpti|Win32.ActiveCfg = Debug|Win32
		{794B9C64-3A4F-4D8F-A99D-4EF1E309F0CD}.DebugOpti|Win32.Build.0 = Debug|Win32
		{794B9C64-3A4F-4D8F-A99D-4EF1E309F0CD}.DebugOpti|x64.ActiveCfg = Debug|Win32
		{794B9C64-3A4F-4D8F-A99D-4EF1E309F0CD}.Release|Win32.ActiveCfg = Release|Win32
		{794B9C64-3A4F-4D8F-A99D-4EF1E309F0CD}.Release|Win32.Build.0 = Release|Win32
		{794B9C64-3A4F-4D8F-A99D-4EF1E309F0CD}.Release|x64.ActiveCfg = Release|Win32
		{BF64AF60-9A12-48C1-9CD4-AA6B16E1F8AF}.Debug|Win32.ActiveCfg = Debug|Win32
		{BF64AF60-9A12-48C1-9CD4-AA6B16E1F8AF}.Debug|Win32.Build.0 = Debug|Win32
		{BF64AF60-9A12-48C1-9CD4-AA6B16E1F8AF}.Debug|x64.ActiveCfg = Debug|Win32
		{BF64AF60-9A12-48C1-9CD4-AA6B16E1F8AF}.DebugOpti|Win32.ActiveCfg = Debug|Win32
		{BF64AF60-9A12-48C1-9CD4-AA6B16E1F8AF}.DebugOpti|Win32.Build.0 = Debug|Win32
		{BF64AF60-9A12-48C1-9CD4-AA6B16E1F8AF}.DebugOpti|x64.ActiveCfg = Debug|Win32
		{BF64AF60-9A12-48C1-9CD4-AA6B16E1F8AF}.Release|Win32.ActiveCfg = Release|Win32
		{BF64AF60-9A12-48C1-9CD4-AA6B16E1F8AF}.Release|Win32.Build.0 = Release|Win32
		{BF64AF60-9A12-48C1-9CD4-AA6B16E1F8AF}.Release|x64.ActiveCfg = Release|Win32
	EndGlobalSection
	GlobalSection(SolutionProperties) = preSolution
		HideSolutionNode = FALSE
	EndGlobalSection
	GlobalSection(NestedProjects) = preSolution
		{342F048F-E69D-4EC9-97CC-48E6CCA235DD} = {F81319EB-1E3D-4289-A388-B6B736A37511}
		{7B45596B-601C-4BB4-8CC1-2B89EF7FC706} = {F81319EB-1E3D-4289-A388-B6B736A37511}
		{72F41018-7892-481F-9B61-9894CECD403F} = {F81319EB-1E3D-4289-A388-B6B736A37511}
		{D2B26FE5-C619-42A2-866D-B6F7DEFC0AF9} = {F81319EB-1E3D-4289-A388-B6B736A37511}
		{3145F4BD-1EBD-432A-A13E-8D6107F837B0} = {F81319EB-1E3D-4289-A388-B6B736A37511}
		{BF6E5CC3-9053-450F-BF84-E615ED02AD65} = {F81319EB-1E3D-4289-A388-B6B736A37511}
		{156ACD46-DA30-4D97-AFA9-02DBFF2ED227} = {F81319EB-1E3D-4289-A388-B6B736A37511}
		{0CD2EA6C-0F9B-4C22-BC8F-81CDA26C4DBC} = {F81319EB-1E3D-4289-A388-B6B736A37511}
		{B59002DD-1058-446D-906C-4403A7EC2DD1} = {F81319EB-1E3D-4289-A388-B6B736A37511}
		{794B9C64-3A4F-4D8F-A99D-4EF1E309F0CD} = {F81319EB-1E3D-4289-A388-B6B736A37511}
		{BF64AF60-9A12-48C1-9CD4-AA6B16E1F8AF} = {F81319EB-1E3D-4289-A388-B6B736A37511}
		{8ABF4E53-B448-4936-958A-9971A27CDCFC} = {10525AE6-8E88-4084-9D31-22B84E5369E8}
		{8FBF4E93-B448-4936-918A-9971A27CDCFC} = {10525AE6-8E88-4084-9D31-22B84E5369E8}
	EndGlobalSection
EndGlobal
